
Microsoft Visual Studio Solution File, Format Version 12.00
# Visual Studio Version 16
VisualStudioVersion = 16.0.31129.286
MinimumVisualStudioVersion = 10.0.40219.1
Project("{888888A0-9F3D-457C-B088-3A5042F75D52}") = "Angry Birds AI", "Angry Birds AI.pyproj", "{FD613621-4936-44FD-ACB3-D6F77A2AEAE1}"
EndProject
Global
	GlobalSection(SolutionConfigurationPlatforms) = preSolution
		Debug|Any CPU = Debug|Any CPU
		Release|Any CPU = Release|Any CPU
	EndGlobalSection
	GlobalSection(ProjectConfigurationPlatforms) = postSolution
		{FD613621-4936-44FD-ACB3-D6F77A2AEAE1}.Debug|Any CPU.ActiveCfg = Debug|Any CPU
		{FD613621-4936-44FD-ACB3-D6F77A2AEAE1}.Release|Any CPU.ActiveCfg = Release|Any CPU
	EndGlobalSection
	GlobalSection(SolutionProperties) = preSolution
		HideSolutionNode = FALSE
	EndGlobalSection
	GlobalSection(ExtensibilityGlobals) = postSolution
		SolutionGuid = {E60079BB-136A-4B7E-8787-FABFE4BA56C1}
	EndGlobalSection
EndGlobal
